{
  "pins" : [
    {
      "identity" : "alamofire",
      "kind" : "remoteSourceControl",
      "location" : "https://github.com/Alamofire/Alamofire",
      "state" : {
        "branch" : "master",
        "revision" : "51d67100121d586c9d15ec0227de96442af4dd6d"
      }
    },
    {
      "identity" : "favoritemodule",
      "kind" : "remoteSourceControl",
      "location" : "https://github.com/agung3535/FavoriteModule.git",
      "state" : {
        "branch" : "master",
        "revision" : "66053a06dce952edf78f7c119c656323a8db00f5"
      }
    },
    {
      "identity" : "homeoutmodule",
      "kind" : "remoteSourceControl",
      "location" : "https://github.com/agung3535/HomeOutModule.git",
      "state" : {
        "revision" : "2fdddcfde1b294da38c055314849d15a78160683",
        "version" : "1.0.0"
      }
    },
    {
      "identity" : "kingfisher",
      "kind" : "remoteSourceControl",
      "location" : "https://github.com/onevcat/Kingfisher.git",
      "state" : {
        "revision" : "022e4eeb79f817748544b318b991d9a70036bbf8",
        "version" : "7.2.4"
      }
    },
    {
      "identity" : "moviemodulefind",
      "kind" : "remoteSourceControl",
      "location" : "https://github.com/agung3535/MovieModuleFind.git",
      "state" : {
        "revision" : "69e5af4b699ddee879f02ecece71f627bf4070c7",
        "version" : "1.0.0"
      }
    },
    {
      "identity" : "realm-cocoa",
      "kind" : "remoteSourceControl",
      "location" : "https://github.com/realm/realm-cocoa",
      "state" : {
        "branch" : "master",
        "revision" : "f7ab017ac93178c3df274248ca37e224e624e619"
      }
    },
    {
      "identity" : "realm-core",
      "kind" : "remoteSourceControl",
      "location" : "https://github.com/realm/realm-core",
      "state" : {
        "revision" : "fd48276f88f3d55dbdcdc9e8cbf32541811d5865",
        "version" : "12.1.0"
      }
    },
    {
      "identity" : "swiftyjson",
      "kind" : "remoteSourceControl",
      "location" : "https://github.com/SwiftyJSON/SwiftyJSON.git",
      "state" : {
        "revision" : "b3dcd7dbd0d488e1a7077cb33b00f2083e382f07",
        "version" : "5.0.1"
      }
    },
    {
      "identity" : "tescorefindout",
      "kind" : "remoteSourceControl",
      "location" : "https://github.com/agung3535/TesCoreFindOut.git",
      "state" : {
        "branch" : "master",
        "revision" : "f4bc364c5f7a0c22caa7c1b5cdfdf22c082d8140"
      }
    }
  ],
  "version" : 2
}
